{
  "name": "aegeorge42.github.io",
  "lockfileVersion": 2,
  "requires": true,
  "packages": {
    "": {
      "dependencies": {
        "@pixi/canvas-graphics": "^6.0.4"
      }
    },
    "node_modules/@pixi/canvas-display": {
      "version": "6.0.4",
      "resolved": "https://registry.npmjs.org/@pixi/canvas-display/-/canvas-display-6.0.4.tgz",
      "integrity": "sha512-JERirTSz8nY6yYmRh8gQYKJ/DBJhse7LOSAeA99vqLaIdBuTg65wlxmOF3w8jg1PSKJT7nF1xUO1SrapruBTRQ==",
      "dependencies": {
        "@pixi/display": "6.0.4"
      }
    },
    "node_modules/@pixi/canvas-graphics": {
      "version": "6.0.4",
      "resolved": "https://registry.npmjs.org/@pixi/canvas-graphics/-/canvas-graphics-6.0.4.tgz",
      "integrity": "sha512-Ux+VYUGA0PH/iF4dD4uzrMSSI8u5CXYVdqFvlif8RIy1vLSuKP56Tad8YU1y+iuil/DqlNlDwC8wRo4ShDm/gw==",
      "dependencies": {
        "@pixi/canvas-display": "6.0.4",
        "@pixi/canvas-renderer": "6.0.4",
        "@pixi/constants": "6.0.4",
        "@pixi/core": "6.0.4",
        "@pixi/graphics": "6.0.4",
        "@pixi/math": "6.0.4"
      }
    },
    "node_modules/@pixi/canvas-renderer": {
      "version": "6.0.4",
      "resolved": "https://registry.npmjs.org/@pixi/canvas-renderer/-/canvas-renderer-6.0.4.tgz",
      "integrity": "sha512-z2r1nzYsAp9+gipvlFCj0rd0yfjVq1hTQkyWuMbo5TrePdEo3NLRrCUGo1dHJNbeSERpgGNN05OAiGQbAI+AUg==",
      "dependencies": {
        "@pixi/constants": "6.0.4",
        "@pixi/core": "6.0.4",
        "@pixi/math": "6.0.4",
        "@pixi/settings": "6.0.4",
        "@pixi/utils": "6.0.4"
      }
    },
    "node_modules/@pixi/constants": {
      "version": "6.0.4",
      "resolved": "https://registry.npmjs.org/@pixi/constants/-/constants-6.0.4.tgz",
      "integrity": "sha512-khwRMfuHVdFk93L+bf0mmCwtSloYlfBfjdseIAbJL+VSpeMG1S2DzCYlMCPdp4mvDLU9LvkH2U2leZGEIx5j7g=="
    },
    "node_modules/@pixi/core": {
      "version": "6.0.4",
      "resolved": "https://registry.npmjs.org/@pixi/core/-/core-6.0.4.tgz",
      "integrity": "sha512-r1ceyAz0z3usUs0uj4u2986vVT2tQixGNin2o9FNhPFDXbN5EaoKHLtrjGBt1iylK/EUH/nfL5zq0SGa/loW0A==",
      "dependencies": {
        "@pixi/constants": "6.0.4",
        "@pixi/math": "6.0.4",
        "@pixi/runner": "6.0.4",
        "@pixi/settings": "6.0.4",
        "@pixi/ticker": "6.0.4",
        "@pixi/utils": "6.0.4"
      },
      "funding": {
        "type": "opencollective",
        "url": "https://opencollective.com/pixijs"
      }
    },
    "node_modules/@pixi/display": {
      "version": "6.0.4",
      "resolved": "https://registry.npmjs.org/@pixi/display/-/display-6.0.4.tgz",
      "integrity": "sha512-v6hjx5Gm5aIlLQ7xrsZ2lstI1cv/MtbWXJOhU8LXckkrHHUvAuJgml3+0pcHw8YLuOlepZngUuiqy/XjceVk8A==",
      "dependencies": {
        "@pixi/math": "6.0.4",
        "@pixi/settings": "6.0.4",
        "@pixi/utils": "6.0.4"
      }
    },
    "node_modules/@pixi/graphics": {
      "version": "6.0.4",
      "resolved": "https://registry.npmjs.org/@pixi/graphics/-/graphics-6.0.4.tgz",
      "integrity": "sha512-CybR+DBkGB5llypPeib2A0J13mnPQwlQDqLRhlhXKkYxXQKXlPk5MWA7ZEg+4wKeqUUlrC+k70e5ZFYLC3AgEQ==",
      "dependencies": {
        "@pixi/constants": "6.0.4",
        "@pixi/core": "6.0.4",
        "@pixi/display": "6.0.4",
        "@pixi/math": "6.0.4",
        "@pixi/sprite": "6.0.4",
        "@pixi/utils": "6.0.4"
      }
    },
    "node_modules/@pixi/math": {
      "version": "6.0.4",
      "resolved": "https://registry.npmjs.org/@pixi/math/-/math-6.0.4.tgz",
      "integrity": "sha512-UwZ72CeZ2KsS4IlcEXgNiuD88omPk42Dct74+1G+R2+yPI+XRZq+hGQRTle/BbFYjxh9ccdQVyX9ToGv1XTd6Q=="
    },
    "node_modules/@pixi/runner": {
      "version": "6.0.4",
      "resolved": "https://registry.npmjs.org/@pixi/runner/-/runner-6.0.4.tgz",
      "integrity": "sha512-ta6r36r2vC+fPB27URpSacPGQDtbJbdUoeGCJWAEwX+QI4vx4C9NYAcB0bIg8TLXiigCfA6by/RMnJ0dBiemFA=="
    },
    "node_modules/@pixi/settings": {
      "version": "6.0.4",
      "resolved": "https://registry.npmjs.org/@pixi/settings/-/settings-6.0.4.tgz",
      "integrity": "sha512-djiIsmULDwcHWNmEiZKm4zyVopu1NL+fClnbBmtDkGZw7nm37y6dOcdpYawJcxvE4/KLm6pspBiRTnrzdlqW7Q==",
      "dependencies": {
        "ismobilejs": "^1.1.0"
      }
    },
    "node_modules/@pixi/sprite": {
      "version": "6.0.4",
      "resolved": "https://registry.npmjs.org/@pixi/sprite/-/sprite-6.0.4.tgz",
      "integrity": "sha512-6yMoHmfFhSRERLM1PUXceq9e6e1UH0YJkLoPVLv6gxMunfk6jPXeO8p9dDS2FQ8ZMSkO/16BKq27HIMKvF6Cvg==",
      "dependencies": {
        "@pixi/constants": "6.0.4",
        "@pixi/core": "6.0.4",
        "@pixi/display": "6.0.4",
        "@pixi/math": "6.0.4",
        "@pixi/settings": "6.0.4",
        "@pixi/utils": "6.0.4"
      }
    },
    "node_modules/@pixi/ticker": {
      "version": "6.0.4",
      "resolved": "https://registry.npmjs.org/@pixi/ticker/-/ticker-6.0.4.tgz",
      "integrity": "sha512-PkFfPP5vHlgnApLks0Ia0okmFu6KPqBdIyquDqHJAcBdgljedm32KS6K2EH37xelBOzYHScjZ2SQGiiebVfClw==",
      "dependencies": {
        "@pixi/settings": "6.0.4"
      }
    },
    "node_modules/@pixi/utils": {
      "version": "6.0.4",
      "resolved": "https://registry.npmjs.org/@pixi/utils/-/utils-6.0.4.tgz",
      "integrity": "sha512-35JTWsAJ8Va0vvtUSQvyOr3kGedGKVuJnHDO89B8C8tSFtMpJYrR44vp1b1p1vOjNak+ulGehZc8LzlCqymViQ==",
      "dependencies": {
        "@pixi/constants": "6.0.4",
        "@pixi/settings": "6.0.4",
        "@types/earcut": "^2.1.0",
        "earcut": "^2.2.2",
        "eventemitter3": "^3.1.0",
        "url": "^0.11.0"
      }
    },
    "node_modules/@types/earcut": {
      "version": "2.1.1",
      "resolved": "https://registry.npmjs.org/@types/earcut/-/earcut-2.1.1.tgz",
      "integrity": "sha512-w8oigUCDjElRHRRrMvn/spybSMyX8MTkKA5Dv+tS1IE/TgmNZPqUYtvYBXGY8cieSE66gm+szeK+bnbxC2xHTQ=="
    },
    "node_modules/earcut": {
      "version": "2.2.3",
      "resolved": "https://registry.npmjs.org/earcut/-/earcut-2.2.3.tgz",
      "integrity": "sha512-iRDI1QeCQIhMCZk48DRDMVgQSSBDmbzzNhnxIo+pwx3swkfjMh6vh0nWLq1NdvGHLKH6wIrAM3vQWeTj6qeoug=="
    },
    "node_modules/eventemitter3": {
      "version": "3.1.2",
      "resolved": "https://registry.npmjs.org/eventemitter3/-/eventemitter3-3.1.2.tgz",
      "integrity": "sha512-tvtQIeLVHjDkJYnzf2dgVMxfuSGJeM/7UCG17TT4EumTfNtF+0nebF/4zWOIkCreAbtNqhGEboB6BWrwqNaw4Q=="
    },
    "node_modules/ismobilejs": {
      "version": "1.1.1",
      "resolved": "https://registry.npmjs.org/ismobilejs/-/ismobilejs-1.1.1.tgz",
      "integrity": "sha512-VaFW53yt8QO61k2WJui0dHf4SlL8lxBofUuUmwBo0ljPk0Drz2TiuDW4jo3wDcv41qy/SxrJ+VAzJ/qYqsmzRw=="
    },
    "node_modules/punycode": {
      "version": "1.3.2",
      "resolved": "https://registry.npmjs.org/punycode/-/punycode-1.3.2.tgz",
      "integrity": "sha1-llOgNvt8HuQjQvIyXM7v6jkmxI0="
    },
    "node_modules/querystring": {
      "version": "0.2.0",
      "resolved": "https://registry.npmjs.org/querystring/-/querystring-0.2.0.tgz",
      "integrity": "sha1-sgmEkgO7Jd+CDadW50cAWHhSFiA=",
      "deprecated": "The querystring API is considered Legacy. new code should use the URLSearchParams API instead.",
      "engines": {
        "node": ">=0.4.x"
      }
    },
    "node_modules/url": {
      "version": "0.11.0",
      "resolved": "https://registry.npmjs.org/url/-/url-0.11.0.tgz",
      "integrity": "sha1-ODjpfPxgUh63PFJajlW/3Z4uKPE=",
      "dependencies": {
        "punycode": "1.3.2",
        "querystring": "0.2.0"
      }
    }
  },
  "dependencies": {
    "@pixi/canvas-display": {
      "version": "6.0.4",
      "resolved": "https://registry.npmjs.org/@pixi/canvas-display/-/canvas-display-6.0.4.tgz",
      "integrity": "sha512-JERirTSz8nY6yYmRh8gQYKJ/DBJhse7LOSAeA99vqLaIdBuTg65wlxmOF3w8jg1PSKJT7nF1xUO1SrapruBTRQ==",
      "requires": {
        "@pixi/display": "6.0.4"
      }
    },
    "@pixi/canvas-graphics": {
      "version": "6.0.4",
      "resolved": "https://registry.npmjs.org/@pixi/canvas-graphics/-/canvas-graphics-6.0.4.tgz",
      "integrity": "sha512-Ux+VYUGA0PH/iF4dD4uzrMSSI8u5CXYVdqFvlif8RIy1vLSuKP56Tad8YU1y+iuil/DqlNlDwC8wRo4ShDm/gw==",
      "requires": {
        "@pixi/canvas-display": "6.0.4",
        "@pixi/canvas-renderer": "6.0.4",
        "@pixi/constants": "6.0.4",
        "@pixi/core": "6.0.4",
        "@pixi/graphics": "6.0.4",
        "@pixi/math": "6.0.4"
      }
    },
    "@pixi/canvas-renderer": {
      "version": "6.0.4",
      "resolved": "https://registry.npmjs.org/@pixi/canvas-renderer/-/canvas-renderer-6.0.4.tgz",
      "integrity": "sha512-z2r1nzYsAp9+gipvlFCj0rd0yfjVq1hTQkyWuMbo5TrePdEo3NLRrCUGo1dHJNbeSERpgGNN05OAiGQbAI+AUg==",
      "requires": {
        "@pixi/constants": "6.0.4",
        "@pixi/core": "6.0.4",
        "@pixi/math": "6.0.4",
        "@pixi/settings": "6.0.4",
        "@pixi/utils": "6.0.4"
      }
    },
    "@pixi/constants": {
      "version": "6.0.4",
      "resolved": "https://registry.npmjs.org/@pixi/constants/-/constants-6.0.4.tgz",
      "integrity": "sha512-khwRMfuHVdFk93L+bf0mmCwtSloYlfBfjdseIAbJL+VSpeMG1S2DzCYlMCPdp4mvDLU9LvkH2U2leZGEIx5j7g=="
    },
    "@pixi/core": {
      "version": "6.0.4",
      "resolved": "https://registry.npmjs.org/@pixi/core/-/core-6.0.4.tgz",
      "integrity": "sha512-r1ceyAz0z3usUs0uj4u2986vVT2tQixGNin2o9FNhPFDXbN5EaoKHLtrjGBt1iylK/EUH/nfL5zq0SGa/loW0A==",
      "requires": {
        "@pixi/constants": "6.0.4",
        "@pixi/math": "6.0.4",
        "@pixi/runner": "6.0.4",
        "@pixi/settings": "6.0.4",
        "@pixi/ticker": "6.0.4",
        "@pixi/utils": "6.0.4"
      }
    },
    "@pixi/display": {
      "version": "6.0.4",
      "resolved": "https://registry.npmjs.org/@pixi/display/-/display-6.0.4.tgz",
      "integrity": "sha512-v6hjx5Gm5aIlLQ7xrsZ2lstI1cv/MtbWXJOhU8LXckkrHHUvAuJgml3+0pcHw8YLuOlepZngUuiqy/XjceVk8A==",
      "requires": {
        "@pixi/math": "6.0.4",
        "@pixi/settings": "6.0.4",
        "@pixi/utils": "6.0.4"
      }
    },
    "@pixi/graphics": {
      "version": "6.0.4",
      "resolved": "https://registry.npmjs.org/@pixi/graphics/-/graphics-6.0.4.tgz",
      "integrity": "sha512-CybR+DBkGB5llypPeib2A0J13mnPQwlQDqLRhlhXKkYxXQKXlPk5MWA7ZEg+4wKeqUUlrC+k70e5ZFYLC3AgEQ==",
      "requires": {
        "@pixi/constants": "6.0.4",
        "@pixi/core": "6.0.4",
        "@pixi/display": "6.0.4",
        "@pixi/math": "6.0.4",
        "@pixi/sprite": "6.0.4",
        "@pixi/utils": "6.0.4"
      }
    },
    "@pixi/math": {
      "version": "6.0.4",
      "resolved": "https://registry.npmjs.org/@pixi/math/-/math-6.0.4.tgz",
      "integrity": "sha512-UwZ72CeZ2KsS4IlcEXgNiuD88omPk42Dct74+1G+R2+yPI+XRZq+hGQRTle/BbFYjxh9ccdQVyX9ToGv1XTd6Q=="
    },
    "@pixi/runner": {
      "version": "6.0.4",
      "resolved": "https://registry.npmjs.org/@pixi/runner/-/runner-6.0.4.tgz",
      "integrity": "sha512-ta6r36r2vC+fPB27URpSacPGQDtbJbdUoeGCJWAEwX+QI4vx4C9NYAcB0bIg8TLXiigCfA6by/RMnJ0dBiemFA=="
    },
    "@pixi/settings": {
      "version": "6.0.4",
      "resolved": "https://registry.npmjs.org/@pixi/settings/-/settings-6.0.4.tgz",
      "integrity": "sha512-djiIsmULDwcHWNmEiZKm4zyVopu1NL+fClnbBmtDkGZw7nm37y6dOcdpYawJcxvE4/KLm6pspBiRTnrzdlqW7Q==",
      "requires": {
        "ismobilejs": "^1.1.0"
      }
    },
    "@pixi/sprite": {
      "version": "6.0.4",
      "resolved": "https://registry.npmjs.org/@pixi/sprite/-/sprite-6.0.4.tgz",
      "integrity": "sha512-6yMoHmfFhSRERLM1PUXceq9e6e1UH0YJkLoPVLv6gxMunfk6jPXeO8p9dDS2FQ8ZMSkO/16BKq27HIMKvF6Cvg==",
      "requires": {
        "@pixi/constants": "6.0.4",
        "@pixi/core": "6.0.4",
        "@pixi/display": "6.0.4",
        "@pixi/math": "6.0.4",
        "@pixi/settings": "6.0.4",
        "@pixi/utils": "6.0.4"
      }
    },
    "@pixi/ticker": {
      "version": "6.0.4",
      "resolved": "https://registry.npmjs.org/@pixi/ticker/-/ticker-6.0.4.tgz",
      "integrity": "sha512-PkFfPP5vHlgnApLks0Ia0okmFu6KPqBdIyquDqHJAcBdgljedm32KS6K2EH37xelBOzYHScjZ2SQGiiebVfClw==",
      "requires": {
        "@pixi/settings": "6.0.4"
      }
    },
    "@pixi/utils": {
      "version": "6.0.4",
      "resolved": "https://registry.npmjs.org/@pixi/utils/-/utils-6.0.4.tgz",
      "integrity": "sha512-35JTWsAJ8Va0vvtUSQvyOr3kGedGKVuJnHDO89B8C8tSFtMpJYrR44vp1b1p1vOjNak+ulGehZc8LzlCqymViQ==",
      "requires": {
        "@pixi/constants": "6.0.4",
        "@pixi/settings": "6.0.4",
        "@types/earcut": "^2.1.0",
        "earcut": "^2.2.2",
        "eventemitter3": "^3.1.0",
        "url": "^0.11.0"
      }
    },
    "@types/earcut": {
      "version": "2.1.1",
      "resolved": "https://registry.npmjs.org/@types/earcut/-/earcut-2.1.1.tgz",
      "integrity": "sha512-w8oigUCDjElRHRRrMvn/spybSMyX8MTkKA5Dv+tS1IE/TgmNZPqUYtvYBXGY8cieSE66gm+szeK+bnbxC2xHTQ=="
    },
    "earcut": {
      "version": "2.2.3",
      "resolved": "https://registry.npmjs.org/earcut/-/earcut-2.2.3.tgz",
      "integrity": "sha512-iRDI1QeCQIhMCZk48DRDMVgQSSBDmbzzNhnxIo+pwx3swkfjMh6vh0nWLq1NdvGHLKH6wIrAM3vQWeTj6qeoug=="
    },
    "eventemitter3": {
      "version": "3.1.2",
      "resolved": "https://registry.npmjs.org/eventemitter3/-/eventemitter3-3.1.2.tgz",
      "integrity": "sha512-tvtQIeLVHjDkJYnzf2dgVMxfuSGJeM/7UCG17TT4EumTfNtF+0nebF/4zWOIkCreAbtNqhGEboB6BWrwqNaw4Q=="
    },
    "ismobilejs": {
      "version": "1.1.1",
      "resolved": "https://registry.npmjs.org/ismobilejs/-/ismobilejs-1.1.1.tgz",
      "integrity": "sha512-VaFW53yt8QO61k2WJui0dHf4SlL8lxBofUuUmwBo0ljPk0Drz2TiuDW4jo3wDcv41qy/SxrJ+VAzJ/qYqsmzRw=="
    },
    "punycode": {
      "version": "1.3.2",
      "resolved": "https://registry.npmjs.org/punycode/-/punycode-1.3.2.tgz",
      "integrity": "sha1-llOgNvt8HuQjQvIyXM7v6jkmxI0="
    },
    "querystring": {
      "version": "0.2.0",
      "resolved": "https://registry.npmjs.org/querystring/-/querystring-0.2.0.tgz",
      "integrity": "sha1-sgmEkgO7Jd+CDadW50cAWHhSFiA="
    },
    "url": {
      "version": "0.11.0",
      "resolved": "https://registry.npmjs.org/url/-/url-0.11.0.tgz",
      "integrity": "sha1-ODjpfPxgUh63PFJajlW/3Z4uKPE=",
      "requires": {
        "punycode": "1.3.2",
        "querystring": "0.2.0"
      }
    }
  }
}
